
Microsoft Visual Studio Solution File, Format Version 12.00
# Visual Studio Version 17
VisualStudioVersion = 17.1.32328.378
MinimumVisualStudioVersion = 10.0.40219.1
Project("{FAE04EC0-301F-11D3-BF4B-00C04F79EFBC}") = "Dining-Hall", "Dining-Hall.csproj", "{69B353EE-BC5E-4842-8EE6-CBDA42640A83}"
EndProject
Global
	GlobalSection(SolutionConfigurationPlatforms) = preSolution
		Debug|Any CPU = Debug|Any CPU
		Release|Any CPU = Release|Any CPU
	EndGlobalSection
	GlobalSection(ProjectConfigurationPlatforms) = postSolution
		{69B353EE-BC5E-4842-8EE6-CBDA42640A83}.Debug|Any CPU.ActiveCfg = Debug|Any CPU
		{69B353EE-BC5E-4842-8EE6-CBDA42640A83}.Debug|Any CPU.Build.0 = Debug|Any CPU
		{69B353EE-BC5E-4842-8EE6-CBDA42640A83}.Release|Any CPU.ActiveCfg = Release|Any CPU
		{69B353EE-BC5E-4842-8EE6-CBDA42640A83}.Release|Any CPU.Build.0 = Release|Any CPU
	EndGlobalSection
	GlobalSection(SolutionProperties) = preSolution
		HideSolutionNode = FALSE
	EndGlobalSection
	GlobalSection(ExtensibilityGlobals) = postSolution
		SolutionGuid = {08CA19FB-A227-464D-8D00-5775851D5EE8}
	EndGlobalSection
EndGlobal
