
Microsoft Visual Studio Solution File, Format Version 12.00
# Visual Studio Version 17
VisualStudioVersion = 17.1.32328.378
MinimumVisualStudioVersion = 10.0.40219.1
Project("{FAE04EC0-301F-11D3-BF4B-00C04F79EFBC}") = "Dining-Hall", "Dining-Hall.csproj", "{5DEB3406-58EF-4E66-B33A-21A6A9E21727}"
EndProject
Global
	GlobalSection(SolutionConfigurationPlatforms) = preSolution
		Debug|Any CPU = Debug|Any CPU
		Release|Any CPU = Release|Any CPU
	EndGlobalSection
	GlobalSection(ProjectConfigurationPlatforms) = postSolution
		{5DEB3406-58EF-4E66-B33A-21A6A9E21727}.Debug|Any CPU.ActiveCfg = Debug|Any CPU
		{5DEB3406-58EF-4E66-B33A-21A6A9E21727}.Debug|Any CPU.Build.0 = Debug|Any CPU
		{5DEB3406-58EF-4E66-B33A-21A6A9E21727}.Release|Any CPU.ActiveCfg = Release|Any CPU
		{5DEB3406-58EF-4E66-B33A-21A6A9E21727}.Release|Any CPU.Build.0 = Release|Any CPU
	EndGlobalSection
	GlobalSection(SolutionProperties) = preSolution
		HideSolutionNode = FALSE
	EndGlobalSection
	GlobalSection(ExtensibilityGlobals) = postSolution
		SolutionGuid = {8BBBB2FC-969C-40A0-A4F1-E73D5BB0EE34}
	EndGlobalSection
EndGlobal
